
Microsoft Visual Studio Solution File, Format Version 12.00
# Visual Studio 15
VisualStudioVersion = 15.0.33026.149
MinimumVisualStudioVersion = 10.0.40219.1
Project("{FAE04EC0-301F-11D3-BF4B-00C04F79EFBC}") = "DecimateFilterTest", "DecimateFilterTest\DecimateFilterTest.csproj", "{B776F01B-1D25-4ADF-A813-E5BB5506AA8B}"
EndProject
Global
	GlobalSection(SolutionConfigurationPlatforms) = preSolution
		Debug|Any CPU = Debug|Any CPU
		Debug|x64 = Debug|x64
		Release|Any CPU = Release|Any CPU
		Release|x64 = Release|x64
	EndGlobalSection
	GlobalSection(ProjectConfigurationPlatforms) = postSolution
		{B776F01B-1D25-4ADF-A813-E5BB5506AA8B}.Debug|Any CPU.ActiveCfg = Debug|Any CPU
		{B776F01B-1D25-4ADF-A813-E5BB5506AA8B}.Debug|Any CPU.Build.0 = Debug|Any CPU
		{B776F01B-1D25-4ADF-A813-E5BB5506AA8B}.Debug|x64.ActiveCfg = Debug|x64
		{B776F01B-1D25-4ADF-A813-E5BB5506AA8B}.Debug|x64.Build.0 = Debug|x64
		{B776F01B-1D25-4ADF-A813-E5BB5506AA8B}.Release|Any CPU.ActiveCfg = Release|Any CPU
		{B776F01B-1D25-4ADF-A813-E5BB5506AA8B}.Release|Any CPU.Build.0 = Release|Any CPU
		{B776F01B-1D25-4ADF-A813-E5BB5506AA8B}.Release|x64.ActiveCfg = Release|x64
		{B776F01B-1D25-4ADF-A813-E5BB5506AA8B}.Release|x64.Build.0 = Release|x64
	EndGlobalSection
	GlobalSection(SolutionProperties) = preSolution
		HideSolutionNode = FALSE
	EndGlobalSection
	GlobalSection(ExtensibilityGlobals) = postSolution
		SolutionGuid = {C4E73270-BE77-4BF1-8F2A-BB961E1F48DF}
	EndGlobalSection
EndGlobal
